
Microsoft Visual Studio Solution File, Format Version 12.00
# Visual Studio 15
VisualStudioVersion = 15.0.26124.0
MinimumVisualStudioVersion = 15.0.26124.0
Project("{FAE04EC0-301F-11D3-BF4B-00C04F79EFBC}") = "GameOfCorona", "src\GameOfCorona.csproj", "{DAABA794-1FE1-4883-BC25-474FB243BACA}"
EndProject
Project("{FAE04EC0-301F-11D3-BF4B-00C04F79EFBC}") = "GameOfCorona.UnitTests", "tests\GameOfCorona.UnitTests\GameOfCorona.UnitTests.csproj", "{4DACCE03-6924-4DDC-A2C0-CBA0E1039A22}"
EndProject
Global
	GlobalSection(SolutionConfigurationPlatforms) = preSolution
		Debug|Any CPU = Debug|Any CPU
		Debug|x64 = Debug|x64
		Debug|x86 = Debug|x86
		Release|Any CPU = Release|Any CPU
		Release|x64 = Release|x64
		Release|x86 = Release|x86
	EndGlobalSection
	GlobalSection(SolutionProperties) = preSolution
		HideSolutionNode = FALSE
	EndGlobalSection
	GlobalSection(ProjectConfigurationPlatforms) = postSolution
		{DAABA794-1FE1-4883-BC25-474FB243BACA}.Debug|Any CPU.ActiveCfg = Debug|Any CPU
		{DAABA794-1FE1-4883-BC25-474FB243BACA}.Debug|Any CPU.Build.0 = Debug|Any CPU
		{DAABA794-1FE1-4883-BC25-474FB243BACA}.Debug|x64.ActiveCfg = Debug|Any CPU
		{DAABA794-1FE1-4883-BC25-474FB243BACA}.Debug|x64.Build.0 = Debug|Any CPU
		{DAABA794-1FE1-4883-BC25-474FB243BACA}.Debug|x86.ActiveCfg = Debug|Any CPU
		{DAABA794-1FE1-4883-BC25-474FB243BACA}.Debug|x86.Build.0 = Debug|Any CPU
		{DAABA794-1FE1-4883-BC25-474FB243BACA}.Release|Any CPU.ActiveCfg = Release|Any CPU
		{DAABA794-1FE1-4883-BC25-474FB243BACA}.Release|Any CPU.Build.0 = Release|Any CPU
		{DAABA794-1FE1-4883-BC25-474FB243BACA}.Release|x64.ActiveCfg = Release|Any CPU
		{DAABA794-1FE1-4883-BC25-474FB243BACA}.Release|x64.Build.0 = Release|Any CPU
		{DAABA794-1FE1-4883-BC25-474FB243BACA}.Release|x86.ActiveCfg = Release|Any CPU
		{DAABA794-1FE1-4883-BC25-474FB243BACA}.Release|x86.Build.0 = Release|Any CPU
		{4DACCE03-6924-4DDC-A2C0-CBA0E1039A22}.Debug|Any CPU.ActiveCfg = Debug|Any CPU
		{4DACCE03-6924-4DDC-A2C0-CBA0E1039A22}.Debug|Any CPU.Build.0 = Debug|Any CPU
		{4DACCE03-6924-4DDC-A2C0-CBA0E1039A22}.Debug|x64.ActiveCfg = Debug|Any CPU
		{4DACCE03-6924-4DDC-A2C0-CBA0E1039A22}.Debug|x64.Build.0 = Debug|Any CPU
		{4DACCE03-6924-4DDC-A2C0-CBA0E1039A22}.Debug|x86.ActiveCfg = Debug|Any CPU
		{4DACCE03-6924-4DDC-A2C0-CBA0E1039A22}.Debug|x86.Build.0 = Debug|Any CPU
		{4DACCE03-6924-4DDC-A2C0-CBA0E1039A22}.Release|Any CPU.ActiveCfg = Release|Any CPU
		{4DACCE03-6924-4DDC-A2C0-CBA0E1039A22}.Release|Any CPU.Build.0 = Release|Any CPU
		{4DACCE03-6924-4DDC-A2C0-CBA0E1039A22}.Release|x64.ActiveCfg = Release|Any CPU
		{4DACCE03-6924-4DDC-A2C0-CBA0E1039A22}.Release|x64.Build.0 = Release|Any CPU
		{4DACCE03-6924-4DDC-A2C0-CBA0E1039A22}.Release|x86.ActiveCfg = Release|Any CPU
		{4DACCE03-6924-4DDC-A2C0-CBA0E1039A22}.Release|x86.Build.0 = Release|Any CPU
	EndGlobalSection
EndGlobal
